
Microsoft Visual Studio Solution File, Format Version 12.00
# Visual Studio 2012
Project("{FAE04EC0-301F-11D3-BF4B-00C04F79EFBC}") = "Glide", "Glide.csproj", "{9E98F187-9501-437E-9AE8-BDD3A79D0001}"
EndProject
Global
	GlobalSection(SolutionConfigurationPlatforms) = preSolution
		Debug|Any CPU = Debug|Any CPU
		Debug|x86 = Debug|x86
		Release|Any CPU = Release|Any CPU
		Release|x86 = Release|x86
	EndGlobalSection
	GlobalSection(ProjectConfigurationPlatforms) = postSolution
		{9E98F187-9501-437E-9AE8-BDD3A79D0001}.Debug|Any CPU.ActiveCfg = Debug|x86
		{9E98F187-9501-437E-9AE8-BDD3A79D0001}.Debug|Any CPU.Build.0 = Debug|x86
		{9E98F187-9501-437E-9AE8-BDD3A79D0001}.Debug|x86.ActiveCfg = Debug|x86
		{9E98F187-9501-437E-9AE8-BDD3A79D0001}.Debug|x86.Build.0 = Debug|x86
		{9E98F187-9501-437E-9AE8-BDD3A79D0001}.Release|Any CPU.ActiveCfg = Release|x86
		{9E98F187-9501-437E-9AE8-BDD3A79D0001}.Release|Any CPU.Build.0 = Release|x86
		{9E98F187-9501-437E-9AE8-BDD3A79D0001}.Release|x86.ActiveCfg = Release|x86
		{9E98F187-9501-437E-9AE8-BDD3A79D0001}.Release|x86.Build.0 = Release|x86
	EndGlobalSection
	GlobalSection(SolutionProperties) = preSolution
		HideSolutionNode = FALSE
	EndGlobalSection
EndGlobal
